{
  "lockfileVersion": 1,
  "configVersion": 1,
  "workspaces": {
    "": {
      "name": "apt-intro-deck",
      "dependencies": {
        "pdf-lib": "^1.17.1",
        "pptxgenjs": "^3.12.0",
      },
    },
  },
  "packages": {
    "@pdf-lib/standard-fonts": ["@pdf-lib/standard-fonts@1.0.0", "https://registry.npmmirror.com/@pdf-lib/standard-fonts/-/standard-fonts-1.0.0.tgz", { "dependencies": { "pako": "^1.0.6" } }, "sha512-hU30BK9IUN/su0Mn9VdlVKsWBS6GyhVfqjwl1FjZN4TxP6cCw0jP2w7V3Hf5uX7M0AZJ16vey9yE0ny7Sa59ZA=="],

    "@pdf-lib/upng": ["@pdf-lib/upng@1.0.1", "https://registry.npmmirror.com/@pdf-lib/upng/-/upng-1.0.1.tgz", { "dependencies": { "pako": "^1.0.10" } }, "sha512-dQK2FUMQtowVP00mtIksrlZhdFXQZPC+taih1q4CvPZ5vqdxR/LKBaFg0oAfzd1GlHZXXSPdQfzQnt+ViGvEIQ=="],

    "@types/node": ["@types/node@18.19.130", "https://registry.npmmirror.com/@types/node/-/node-18.19.130.tgz", { "dependencies": { "undici-types": "~5.26.4" } }, "sha512-GRaXQx6jGfL8sKfaIDD6OupbIHBr9jv7Jnaml9tB7l4v068PAOXqfcujMMo5PhbIs6ggR1XODELqahT2R8v0fg=="],

    "core-util-is": ["core-util-is@1.0.3", "https://registry.npmmirror.com/core-util-is/-/core-util-is-1.0.3.tgz", {}, "sha512-ZQBvi1DcpJ4GDqanjucZ2Hj3wEO5pZDS89BWbkcrvdxksJorwUDDZamX9ldFkp9aw2lmBDLgkObEA4DWNJ9FYQ=="],

    "https": ["https@1.0.0", "https://registry.npmmirror.com/https/-/https-1.0.0.tgz", {}, "sha512-4EC57ddXrkaF0x83Oj8sM6SLQHAWXw90Skqu2M4AEWENZ3F02dFJE/GARA8igO79tcgYqGrD7ae4f5L3um2lgg=="],

    "image-size": ["image-size@1.2.1", "https://registry.npmmirror.com/image-size/-/image-size-1.2.1.tgz", { "dependencies": { "queue": "6.0.2" }, "bin": { "image-size": "bin/image-size.js" } }, "sha512-rH+46sQJ2dlwfjfhCyNx5thzrv+dtmBIhPHk0zgRUukHzZ/kRueTJXoYYsclBaKcSMBWuGbOFXtioLpzTb5euw=="],

    "immediate": ["immediate@3.0.6", "https://registry.npmmirror.com/immediate/-/immediate-3.0.6.tgz", {}, "sha512-XXOFtyqDjNDAQxVfYxuF7g9Il/IbWmmlQg2MYKOH8ExIT1qg6xc4zyS3HaEEATgs1btfzxq15ciUiY7gjSXRGQ=="],

    "inherits": ["inherits@2.0.4", "https://registry.npmmirror.com/inherits/-/inherits-2.0.4.tgz", {}, "sha512-k/vGaX4/Yla3WzyMCvTQOXYeIHvqOKtnqBduzTHpzpQZzAskKMhZ2K+EnBiSM9zGSoIFeMpXKxa4dYeZIQqewQ=="],

    "isarray": ["isarray@1.0.0", "https://registry.npmmirror.com/isarray/-/isarray-1.0.0.tgz", {}, "sha512-VLghIWNM6ELQzo7zwmcg0NmTVyWKYjvIeM83yjp0wRDTmUnrM678fQbcKBo6n2CJEF0szoG//ytg+TKla89ALQ=="],

    "jszip": ["jszip@3.10.1", "https://registry.npmmirror.com/jszip/-/jszip-3.10.1.tgz", { "dependencies": { "lie": "~3.3.0", "pako": "~1.0.2", "readable-stream": "~2.3.6", "setimmediate": "^1.0.5" } }, "sha512-xXDvecyTpGLrqFrvkrUSoxxfJI5AH7U8zxxtVclpsUtMCq4JQ290LY8AW5c7Ggnr/Y/oK+bQMbqK2qmtk3pN4g=="],

    "lie": ["lie@3.3.0", "https://registry.npmmirror.com/lie/-/lie-3.3.0.tgz", { "dependencies": { "immediate": "~3.0.5" } }, "sha512-UaiMJzeWRlEujzAuw5LokY1L5ecNQYZKfmyZ9L7wDHb/p5etKaxXhohBcrw0EYby+G/NA52vRSN4N39dxHAIwQ=="],

    "pako": ["pako@1.0.11", "https://registry.npmmirror.com/pako/-/pako-1.0.11.tgz", {}, "sha512-4hLB8Py4zZce5s4yd9XzopqwVv/yGNhV1Bl8NTmCq1763HeK2+EwVTv+leGeL13Dnh2wfbqowVPXCIO0z4taYw=="],

    "pdf-lib": ["pdf-lib@1.17.1", "https://registry.npmmirror.com/pdf-lib/-/pdf-lib-1.17.1.tgz", { "dependencies": { "@pdf-lib/standard-fonts": "^1.0.0", "@pdf-lib/upng": "^1.0.1", "pako": "^1.0.11", "tslib": "^1.11.1" } }, "sha512-V/mpyJAoTsN4cnP31vc0wfNA1+p20evqqnap0KLoRUN0Yk/p3wN52DOEsL4oBFcLdb76hlpKPtzJIgo67j/XLw=="],

    "pptxgenjs": ["pptxgenjs@3.12.0", "https://registry.npmmirror.com/pptxgenjs/-/pptxgenjs-3.12.0.tgz", { "dependencies": { "@types/node": "^18.7.3", "https": "^1.0.0", "image-size": "^1.0.0", "jszip": "^3.7.1" } }, "sha512-ZozkYKWb1MoPR4ucw3/aFYlHkVIJxo9czikEclcUVnS4Iw/M+r+TEwdlB3fyAWO9JY1USxJDt0Y0/r15IR/RUA=="],

    "process-nextick-args": ["process-nextick-args@2.0.1", "https://registry.npmmirror.com/process-nextick-args/-/process-nextick-args-2.0.1.tgz", {}, "sha512-3ouUOpQhtgrbOa17J7+uxOTpITYWaGP7/AhoR3+A+/1e9skrzelGi/dXzEYyvbxubEF6Wn2ypscTKiKJFFn1ag=="],

    "queue": ["queue@6.0.2", "https://registry.npmmirror.com/queue/-/queue-6.0.2.tgz", { "dependencies": { "inherits": "~2.0.3" } }, "sha512-iHZWu+q3IdFZFX36ro/lKBkSvfkztY5Y7HMiPlOUjhupPcG2JMfst2KKEpu5XndviX/3UhFbRngUPNKtgvtZiA=="],

    "readable-stream": ["readable-stream@2.3.8", "https://registry.npmmirror.com/readable-stream/-/readable-stream-2.3.8.tgz", { "dependencies": { "core-util-is": "~1.0.0", "inherits": "~2.0.3", "isarray": "~1.0.0", "process-nextick-args": "~2.0.0", "safe-buffer": "~5.1.1", "string_decoder": "~1.1.1", "util-deprecate": "~1.0.1" } }, "sha512-8p0AUk4XODgIewSi0l8Epjs+EVnWiK7NoDIEGU0HhE7+ZyY8D1IMY7odu5lRrFXGg71L15KG8QrPmum45RTtdA=="],

    "safe-buffer": ["safe-buffer@5.1.2", "https://registry.npmmirror.com/safe-buffer/-/safe-buffer-5.1.2.tgz", {}, "sha512-Gd2UZBJDkXlY7GbJxfsE8/nvKkUEU1G38c1siN6QP6a9PT9MmHB8GnpscSmMJSoF8LOIrt8ud/wPtojys4G6+g=="],

    "setimmediate": ["setimmediate@1.0.5", "https://registry.npmmirror.com/setimmediate/-/setimmediate-1.0.5.tgz", {}, "sha512-MATJdZp8sLqDl/68LfQmbP8zKPLQNV6BIZoIgrscFDQ+RsvK/BxeDQOgyxKKoh0y/8h3BqVFnCqQ/gd+reiIXA=="],

    "string_decoder": ["string_decoder@1.1.1", "https://registry.npmmirror.com/string_decoder/-/string_decoder-1.1.1.tgz", { "dependencies": { "safe-buffer": "~5.1.0" } }, "sha512-n/ShnvDi6FHbbVfviro+WojiFzv+s8MPMHBczVePfUpDJLwoLT0ht1l4YwBCbi8pJAveEEdnkHyPyTP/mzRfwg=="],

    "tslib": ["tslib@1.14.1", "https://registry.npmmirror.com/tslib/-/tslib-1.14.1.tgz", {}, "sha512-Xni35NKzjgMrwevysHTCArtLDpPvye8zV/0E4EyYn43P7/7qvQwPh9BGkHewbMulVntbigmcT7rdX3BNo9wRJg=="],

    "undici-types": ["undici-types@5.26.5", "https://registry.npmmirror.com/undici-types/-/undici-types-5.26.5.tgz", {}, "sha512-JlCMO+ehdEIKqlFxk6IfVoAUVmgz7cU7zD/h9XZ0qzeosSHmUJVOzSQvvYSYWXkFXC+IfLKSIffhv0sVZup6pA=="],

    "util-deprecate": ["util-deprecate@1.0.2", "https://registry.npmmirror.com/util-deprecate/-/util-deprecate-1.0.2.tgz", {}, "sha512-EPD5q1uXyFxJpCrLnCc1nHnq3gOa6DZBocAIiI2TaSCA7VCJ1UJDMagCzIkXNsUYfD1daK//LTEQ8xiIbrHtcw=="],
  }
}
